
Microsoft Visual Studio Solution File, Format Version 12.00
# Visual Studio Version 17
VisualStudioVersion = 17.5.33627.172
MinimumVisualStudioVersion = 10.0.40219.1
Project("{FAE04EC0-301F-11D3-BF4B-00C04F79EFBC}") = "CatalogoAPI", "CatalogoAPI.csproj", "{A4ABE735-1EF8-4483-99E9-FE3F21442D71}"
EndProject
Global
	GlobalSection(SolutionConfigurationPlatforms) = preSolution
		Debug|Any CPU = Debug|Any CPU
		Release|Any CPU = Release|Any CPU
	EndGlobalSection
	GlobalSection(ProjectConfigurationPlatforms) = postSolution
		{A4ABE735-1EF8-4483-99E9-FE3F21442D71}.Debug|Any CPU.ActiveCfg = Debug|Any CPU
		{A4ABE735-1EF8-4483-99E9-FE3F21442D71}.Debug|Any CPU.Build.0 = Debug|Any CPU
		{A4ABE735-1EF8-4483-99E9-FE3F21442D71}.Release|Any CPU.ActiveCfg = Release|Any CPU
		{A4ABE735-1EF8-4483-99E9-FE3F21442D71}.Release|Any CPU.Build.0 = Release|Any CPU
	EndGlobalSection
	GlobalSection(SolutionProperties) = preSolution
		HideSolutionNode = FALSE
	EndGlobalSection
	GlobalSection(ExtensibilityGlobals) = postSolution
		SolutionGuid = {DA4285DB-E61F-4501-B5F6-C36F34CCC721}
	EndGlobalSection
EndGlobal
